
Microsoft Visual Studio Solution File, Format Version 12.00
# Visual Studio Version 16
VisualStudioVersion = 16.0.33920.266
MinimumVisualStudioVersion = 10.0.40219.1
Project("{FAE04EC0-301F-11D3-BF4B-00C04F79EFBC}") = "WebApplication", "WebApplication\WebApplication.csproj", "{E014330B-7C53-430B-871E-F88F72805A3D}"
EndProject
Global
	GlobalSection(SolutionConfigurationPlatforms) = preSolution
		Debug|Any CPU = Debug|Any CPU
		Release|Any CPU = Release|Any CPU
	EndGlobalSection
	GlobalSection(ProjectConfigurationPlatforms) = postSolution
		{E014330B-7C53-430B-871E-F88F72805A3D}.Debug|Any CPU.ActiveCfg = Debug|Any CPU
		{E014330B-7C53-430B-871E-F88F72805A3D}.Debug|Any CPU.Build.0 = Debug|Any CPU
		{E014330B-7C53-430B-871E-F88F72805A3D}.Release|Any CPU.ActiveCfg = Release|Any CPU
		{E014330B-7C53-430B-871E-F88F72805A3D}.Release|Any CPU.Build.0 = Release|Any CPU
	EndGlobalSection
	GlobalSection(SolutionProperties) = preSolution
		HideSolutionNode = FALSE
	EndGlobalSection
	GlobalSection(ExtensibilityGlobals) = postSolution
		SolutionGuid = {917E4904-95DA-4427-9C4D-8D1FBF450E72}
	EndGlobalSection
EndGlobal
